lockfile_version: '1'
generated_at: '2026-05-01T18:08:50.301794+00:00'
apm_version: 0.11.0
dependencies:
- repo_url: anthropics/skills
  host: github.com
  resolved_commit: 5128e1865d670f5d6c9cef000e6dfc4e951fb5b9
  virtual_path: skills/frontend-design
  is_virtual: true
  package_type: claude_skill
  deployed_files:
  - .agents/skills/frontend-design
  - .claude/skills/frontend-design
  content_hash: sha256:063a0e6448123cd359ad0044cc46b0e490cc7964d45ef4bb9fd842bd2ffbca67
- repo_url: juspay/skills
  host: github.com
  resolved_commit: 39020c4a3aba48694e5b482f749aeb56b55ea644
  virtual_path: skills/nix-justfile
  is_virtual: true
  package_type: claude_skill
  deployed_files:
  - .agents/skills/nix-justfile
  - .claude/skills/nix-justfile
  content_hash: sha256:8f48e067e59da48c3ac90b4e2228ebb4ecfd988375b40efe831339d9a493accd
- repo_url: srid/agency
  host: github.com
  resolved_commit: 94b7d8b687c152aba9e36a02f24caff7b5cb6d92
  resolved_ref: master
  package_type: apm_package
  deployed_files:
  - .agents/skills/code-police
  - .agents/skills/do
  - .agents/skills/elegance
  - .agents/skills/fact-check
  - .agents/skills/forge-pr
  - .agents/skills/hickey
  - .agents/skills/lowy
  - .agents/skills/ralph
  - .agents/skills/talk
  - .claude/agents/hickey.md
  - .claude/agents/lowy.md
  - .claude/hooks/agency/scripts/do-stop-guard.sh
  - .claude/rules/apm-sources.md
  - .claude/skills/code-police
  - .claude/skills/do
  - .claude/skills/elegance
  - .claude/skills/fact-check
  - .claude/skills/forge-pr
  - .claude/skills/hickey
  - .claude/skills/lowy
  - .claude/skills/ralph
  - .claude/skills/talk
  - .codex/agents/hickey.toml
  - .codex/agents/lowy.toml
  - .codex/hooks/agency/scripts/do-stop-guard.sh
  deployed_file_hashes:
    .claude/agents/hickey.md: sha256:edde9b0d3b27b947b7372f662b2e8652d136e0bb9af7924892b00450a1e586bc
    .claude/agents/lowy.md: sha256:a1c8e5ba115439bcfa0d7e331f96e71b2d690ff2e5fb9b824bb5f588eb43ac75
    .claude/hooks/agency/scripts/do-stop-guard.sh: sha256:cb033f86c15ffd3d09d8e4b74a61f55a70def4cc4131cc013b7368a2d23f3f33
    .claude/rules/apm-sources.md: sha256:65640c481c347cc4edf50603f784d0b448b6395acc43419a4f8ad0c53de2db4b
    .codex/agents/hickey.toml: sha256:f508bacedcac2916cf1e29a11f2ac161483ffc2acf182c8f1c00c26d14073c00
    .codex/agents/lowy.toml: sha256:c57b72c43687ef255a4490f65984fe556325cb9847a5626e43c2a7addea049e4
    .codex/hooks/agency/scripts/do-stop-guard.sh: sha256:cb033f86c15ffd3d09d8e4b74a61f55a70def4cc4131cc013b7368a2d23f3f33
  content_hash: sha256:71dc1699460a8c8bb088d901ff5250231288813f7f2ee69ffc05cf3382bc65db
local_deployed_files:
- .agents/skills/haskell
- .agents/skills/vira-design
- .claude/rules/vira.md
- .claude/skills/haskell
- .claude/skills/vira-design
local_deployed_file_hashes:
  .claude/rules/vira.md: sha256:a8280deeb4ee7eca24d242745f21c2e8c2759af28b459b32c4d0fa61229b9b7b
