{
  "nodes": {
    "cachix-push": {
      "locked": {
        "lastModified": 1725315090,
        "narHash": "sha256-d/ZGRHfSGPEpCCNSVlfZ0ND2IZV0H9nN/3BLMA7d9fs=",
        "owner": "juspay",
        "repo": "cachix-push",
        "rev": "fbe9734921e19abc4830dc4ea425aaa82cf61991",
        "type": "github"
      },
      "original": {
        "owner": "juspay",
        "repo": "cachix-push",
        "type": "github"
      }
    },
    "co-log-effectful": {
      "inputs": {
        "devshell": "devshell",
        "flake-parts": "flake-parts",
        "haskell-flake": "haskell-flake",
        "nixpkgs": "nixpkgs",
        "pre-commit-hooks-nix": "pre-commit-hooks-nix",
        "treefmt-nix": "treefmt-nix"
      },
      "locked": {
        "lastModified": 1738358259,
        "narHash": "sha256-V+JiNh+GY4OC+uEp4AeX6wYMzsj5JJAqnrraXn1T8kg=",
        "owner": "eldritch-cookie",
        "repo": "co-log-effectful",
        "rev": "be451264f0637804368fba1751ed7bc8606eefc6",
        "type": "github"
      },
      "original": {
        "owner": "eldritch-cookie",
        "repo": "co-log-effectful",
        "type": "github"
      }
    },
    "crane": {
      "locked": {
        "lastModified": 1736566337,
        "narHash": "sha256-SC0eDcZPqISVt6R0UfGPyQLrI0+BppjjtQ3wcSlk0oI=",
        "owner": "ipetkov",
        "repo": "crane",
        "rev": "9172acc1ee6c7e1cbafc3044ff850c568c75a5a3",
        "type": "github"
      },
      "original": {
        "owner": "ipetkov",
        "repo": "crane",
        "type": "github"
      }
    },
    "devour-flake": {
      "flake": false,
      "locked": {
        "lastModified": 1726283167,
        "narHash": "sha256-Cvc84VzvvdmehafnaIPfdPylNWJcDmv79QQh/MH/4Qk=",
        "owner": "srid",
        "repo": "devour-flake",
        "rev": "9b96d31a55be119df8496ec5b7369823deec8a1c",
        "type": "github"
      },
      "original": {
        "owner": "srid",
        "repo": "devour-flake",
        "type": "github"
      }
    },
    "devshell": {
      "inputs": {
        "nixpkgs": [
          "co-log-effectful",
          "nixpkgs"
        ]
      },
      "locked": {
        "lastModified": 1735644329,
        "narHash": "sha256-tO3HrHriyLvipc4xr+Ewtdlo7wM1OjXNjlWRgmM7peY=",
        "owner": "numtide",
        "repo": "devshell",
        "rev": "f7795ede5b02664b57035b3b757876703e2c3eac",
        "type": "github"
      },
      "original": {
        "owner": "numtide",
        "repo": "devshell",
        "type": "github"
      }
    },
    "false": {
      "locked": {
        "lastModified": 1657739266,
        "narHash": "sha256-vLy8GQr0noEcoA+jX24FgUVBA/poV36zDWAUChN3hIY=",
        "owner": "boolean-option",
        "repo": "false",
        "rev": "d06b4794a134686c70a1325df88a6e6768c6b212",
        "type": "github"
      },
      "original": {
        "owner": "boolean-option",
        "repo": "false",
        "type": "github"
      }
    },
    "flake-compat": {
      "flake": false,
      "locked": {
        "lastModified": 1696426674,
        "narHash": "sha256-kvjfFW7WAETZlt09AgDn1MrtKzP7t90Vf7vypd3OL1U=",
        "owner": "edolstra",
        "repo": "flake-compat",
        "rev": "0f9255e01c2351cc7d116c072cb317785dd33b33",
        "type": "github"
      },
      "original": {
        "owner": "edolstra",
        "repo": "flake-compat",
        "type": "github"
      }
    },
    "flake-parts": {
      "inputs": {
        "nixpkgs-lib": [
          "co-log-effectful",
          "nixpkgs"
        ]
      },
      "locked": {
        "lastModified": 1736143030,
        "narHash": "sha256-+hu54pAoLDEZT9pjHlqL9DNzWz0NbUn8NEAHP7PQPzU=",
        "owner": "hercules-ci",
        "repo": "flake-parts",
        "rev": "b905f6fc23a9051a6e1b741e1438dbfc0634c6de",
        "type": "github"
      },
      "original": {
        "owner": "hercules-ci",
        "repo": "flake-parts",
        "type": "github"
      }
    },
    "flake-parts_2": {
      "inputs": {
        "nixpkgs-lib": [
          "nixpkgs"
        ]
      },
      "locked": {
        "lastModified": 1738453229,
        "narHash": "sha256-7H9XgNiGLKN1G1CgRh0vUL4AheZSYzPm+zmZ7vxbJdo=",
        "owner": "hercules-ci",
        "repo": "flake-parts",
        "rev": "32ea77a06711b758da0ad9bd6a844c5740a87abd",
        "type": "github"
      },
      "original": {
        "owner": "hercules-ci",
        "repo": "flake-parts",
        "type": "github"
      }
    },
    "flake-parts_3": {
      "inputs": {
        "nixpkgs-lib": [
          "omnix",
          "nixpkgs"
        ]
      },
      "locked": {
        "lastModified": 1725234343,
        "narHash": "sha256-+ebgonl3NbiKD2UD0x4BszCZQ6sTfL4xioaM49o5B3Y=",
        "owner": "hercules-ci",
        "repo": "flake-parts",
        "rev": "567b938d64d4b4112ee253b9274472dc3a346eb6",
        "type": "github"
      },
      "original": {
        "owner": "hercules-ci",
        "repo": "flake-parts",
        "type": "github"
      }
    },
    "fourmolu-nix": {
      "locked": {
        "lastModified": 1707266073,
        "narHash": "sha256-tCFzZQJicDdYjnuJiNK4hiiRAH7c2wQzMhOCdUMbVKE=",
        "owner": "jedimahdi",
        "repo": "fourmolu-nix",
        "rev": "717f5a91b0d7b97b1be7ecc3a0fd42d37ffe1c9b",
        "type": "github"
      },
      "original": {
        "owner": "jedimahdi",
        "repo": "fourmolu-nix",
        "type": "github"
      }
    },
    "git-hooks": {
      "flake": false,
      "locked": {
        "lastModified": 1737465171,
        "narHash": "sha256-R10v2hoJRLq8jcL4syVFag7nIGE7m13qO48wRIukWNg=",
        "owner": "cachix",
        "repo": "git-hooks.nix",
        "rev": "9364dc02281ce2d37a1f55b6e51f7c0f65a75f17",
        "type": "github"
      },
      "original": {
        "owner": "cachix",
        "repo": "git-hooks.nix",
        "type": "github"
      }
    },
    "git-hooks_2": {
      "flake": false,
      "locked": {
        "lastModified": 1737465171,
        "narHash": "sha256-R10v2hoJRLq8jcL4syVFag7nIGE7m13qO48wRIukWNg=",
        "owner": "cachix",
        "repo": "git-hooks.nix",
        "rev": "9364dc02281ce2d37a1f55b6e51f7c0f65a75f17",
        "type": "github"
      },
      "original": {
        "owner": "cachix",
        "repo": "git-hooks.nix",
        "type": "github"
      }
    },
    "gitignore": {
      "inputs": {
        "nixpkgs": [
          "co-log-effectful",
          "pre-commit-hooks-nix",
          "nixpkgs"
        ]
      },
      "locked": {
        "lastModified": 1709087332,
        "narHash": "sha256-HG2cCnktfHsKV0s4XW83gU3F57gaTljL9KNSuG6bnQs=",
        "owner": "hercules-ci",
        "repo": "gitignore.nix",
        "rev": "637db329424fd7e46cf4185293b9cc8c88c95394",
        "type": "github"
      },
      "original": {
        "owner": "hercules-ci",
        "repo": "gitignore.nix",
        "type": "github"
      }
    },
    "haskell-flake": {
      "locked": {
        "lastModified": 1737903979,
        "narHash": "sha256-NL9+FkAzmU/zVy7EQUj13s/+FjX2Mcz6ID7dW1j32Xg=",
        "owner": "srid",
        "repo": "haskell-flake",
        "rev": "3bc6fe9793bf1239a335f9439f0be66c964df1a3",
        "type": "github"
      },
      "original": {
        "owner": "srid",
        "repo": "haskell-flake",
        "type": "github"
      }
    },
    "haskell-flake_2": {
      "locked": {
        "lastModified": 1739713768,
        "narHash": "sha256-P8I3uARBkSra86d5lgTo7cK+ET27zVee1BxWrym+9z8=",
        "owner": "srid",
        "repo": "haskell-flake",
        "rev": "b40fcefa008ffa7205058f542a577cc218bec9a4",
        "type": "github"
      },
      "original": {
        "owner": "srid",
        "repo": "haskell-flake",
        "type": "github"
      }
    },
    "htmx": {
      "flake": false,
      "locked": {
        "lastModified": 1730661957,
        "narHash": "sha256-ce3CVJVmY5240qyEt2W0Q3HUeMAKP6IQwxtIO+zDzAs=",
        "owner": "JonathanLorimer",
        "repo": "htmx",
        "rev": "a9592b2627a75f522cd710d6bcfb7670a4a587dd",
        "type": "github"
      },
      "original": {
        "owner": "JonathanLorimer",
        "repo": "htmx",
        "type": "github"
      }
    },
    "htmx-extensions": {
      "flake": false,
      "locked": {
        "lastModified": 1740062719,
        "narHash": "sha256-KW8ahQdu1pevghnKNL+Idie2o6TtKlUqwES2kpmqOVs=",
        "owner": "juspay",
        "repo": "htmx-extensions",
        "rev": "0f7b0b569651c259af0fa81d78530f0f540d709b",
        "type": "github"
      },
      "original": {
        "owner": "juspay",
        "ref": "sse-unload",
        "repo": "htmx-extensions",
        "type": "github"
      }
    },
    "inspect": {
      "flake": false,
      "locked": {
        "lastModified": 1726418650,
        "narHash": "sha256-Aabwu7gHQbKDU8mrbG2le6oqpbBl9oTbFvWEBFgXw/4=",
        "owner": "juspay",
        "repo": "inspect",
        "rev": "279cfa5c434e5bbebb4c07fa6af2deeb84e03bb0",
        "type": "github"
      },
      "original": {
        "owner": "juspay",
        "ref": "inventory-for-systems",
        "repo": "inspect",
        "type": "github"
      }
    },
    "nix-systems-aarch64-darwin": {
      "locked": {
        "lastModified": 1680978170,
        "narHash": "sha256-PHVNQ7y0EQYzujQRYoRdb96K0m1KSeAjSrbz2b75S6Q=",
        "owner": "nix-systems",
        "repo": "aarch64-darwin",
        "rev": "75e6c6912484d28ebba5769b794ffa4aff653ba2",
        "type": "github"
      },
      "original": {
        "owner": "nix-systems",
        "repo": "aarch64-darwin",
        "type": "github"
      }
    },
    "nix-systems-aarch64-linux": {
      "locked": {
        "lastModified": 1680978097,
        "narHash": "sha256-1Zp7TRYLXj4P5FLhQ8jBChrgAmQxR3iTypmWf9EFTnc=",
        "owner": "nix-systems",
        "repo": "aarch64-linux",
        "rev": "aa1ce1b64c822dff925d63d3e771113f71ada1bb",
        "type": "github"
      },
      "original": {
        "owner": "nix-systems",
        "repo": "aarch64-linux",
        "type": "github"
      }
    },
    "nix-systems-x86_64-darwin": {
      "locked": {
        "lastModified": 1680978224,
        "narHash": "sha256-+xT9B1ZbhMg/zpJqd00S06UCZb/A2URW9bqqrZ/JTOg=",
        "owner": "nix-systems",
        "repo": "x86_64-darwin",
        "rev": "db0463cce4cd60fb791f33a83d29a1ed53edab9b",
        "type": "github"
      },
      "original": {
        "owner": "nix-systems",
        "repo": "x86_64-darwin",
        "type": "github"
      }
    },
    "nix-systems-x86_64-linux": {
      "locked": {
        "lastModified": 1680978846,
        "narHash": "sha256-Gtqg8b/v49BFDpDetjclCYXm8mAnTrUzR0JnE2nv5aw=",
        "owner": "nix-systems",
        "repo": "x86_64-linux",
        "rev": "2ecfcac5e15790ba6ce360ceccddb15ad16d08a8",
        "type": "github"
      },
      "original": {
        "owner": "nix-systems",
        "repo": "x86_64-linux",
        "type": "github"
      }
    },
    "nixos-unified": {
      "locked": {
        "lastModified": 1739631166,
        "narHash": "sha256-BvGPP1MwuRZMK+4RLvMOQYUs15n5JA7BDH6TsXlsAU0=",
        "owner": "srid",
        "repo": "nixos-unified",
        "rev": "f9598ba02ad38df238a5987ad78ffac4845b7f3a",
        "type": "github"
      },
      "original": {
        "owner": "srid",
        "repo": "nixos-unified",
        "type": "github"
      }
    },
    "nixpkgs": {
      "locked": {
        "lastModified": 1738264807,
        "narHash": "sha256-6x6WLFwoLdR3w3FYtCnLye2Xe32SqsL7Zf0jpa5wJMM=",
        "owner": "NixOS",
        "repo": "nixpkgs",
        "rev": "93f6e8d16bc5653505d0165ccec7b667690f7071",
        "type": "github"
      },
      "original": {
        "owner": "NixOS",
        "ref": "haskell-updates",
        "repo": "nixpkgs",
        "type": "github"
      }
    },
    "nixpkgs_2": {
      "locked": {
        "lastModified": 1739863612,
        "narHash": "sha256-UbtgxplOhFcyjBcNbTVO8+HUHAl/WXFDOb6LvqShiZo=",
        "owner": "nixos",
        "repo": "nixpkgs",
        "rev": "632f04521e847173c54fa72973ec6c39a371211c",
        "type": "github"
      },
      "original": {
        "owner": "nixos",
        "ref": "nixpkgs-unstable",
        "repo": "nixpkgs",
        "type": "github"
      }
    },
    "nixpkgs_3": {
      "locked": {
        "lastModified": 1725194671,
        "narHash": "sha256-tLGCFEFTB5TaOKkpfw3iYT9dnk4awTP/q4w+ROpMfuw=",
        "owner": "nixos",
        "repo": "nixpkgs",
        "rev": "b833ff01a0d694b910daca6e2ff4a3f26dee478c",
        "type": "github"
      },
      "original": {
        "owner": "nixos",
        "ref": "nixpkgs-unstable",
        "repo": "nixpkgs",
        "type": "github"
      }
    },
    "omnix": {
      "inputs": {
        "cachix-push": "cachix-push",
        "devour-flake": "devour-flake",
        "false": "false",
        "flake-parts": "flake-parts_3",
        "git-hooks": "git-hooks_2",
        "inspect": "inspect",
        "nix-systems-aarch64-darwin": "nix-systems-aarch64-darwin",
        "nix-systems-aarch64-linux": "nix-systems-aarch64-linux",
        "nix-systems-x86_64-darwin": "nix-systems-x86_64-darwin",
        "nix-systems-x86_64-linux": "nix-systems-x86_64-linux",
        "nixpkgs": "nixpkgs_3",
        "rust-flake": "rust-flake",
        "systems": "systems",
        "true": "true"
      },
      "locked": {
        "lastModified": 1739825948,
        "narHash": "sha256-8fNqg7TNVKjv3kusLJPb4X6A9uCztdntQpo6I/cOV7g=",
        "owner": "juspay",
        "repo": "omnix",
        "rev": "e768c5e0abce8e36b24f2af2d4f0ba75fd72217f",
        "type": "github"
      },
      "original": {
        "owner": "juspay",
        "repo": "omnix",
        "type": "github"
      }
    },
    "pre-commit-hooks-nix": {
      "inputs": {
        "flake-compat": "flake-compat",
        "gitignore": "gitignore",
        "nixpkgs": [
          "co-log-effectful",
          "nixpkgs"
        ]
      },
      "locked": {
        "lastModified": 1737465171,
        "narHash": "sha256-R10v2hoJRLq8jcL4syVFag7nIGE7m13qO48wRIukWNg=",
        "owner": "cachix",
        "repo": "pre-commit-hooks.nix",
        "rev": "9364dc02281ce2d37a1f55b6e51f7c0f65a75f17",
        "type": "github"
      },
      "original": {
        "owner": "cachix",
        "repo": "pre-commit-hooks.nix",
        "type": "github"
      }
    },
    "process-compose-flake": {
      "locked": {
        "lastModified": 1733325752,
        "narHash": "sha256-79tzPuXNRo1NUllafYW6SjeLtjqfnLGq7tHCM7cAXNg=",
        "owner": "Platonic-Systems",
        "repo": "process-compose-flake",
        "rev": "1012530b582f1bd3b102295c799358d95abf42d7",
        "type": "github"
      },
      "original": {
        "owner": "Platonic-Systems",
        "repo": "process-compose-flake",
        "type": "github"
      }
    },
    "root": {
      "inputs": {
        "co-log-effectful": "co-log-effectful",
        "flake-parts": "flake-parts_2",
        "fourmolu-nix": "fourmolu-nix",
        "git-hooks": "git-hooks",
        "haskell-flake": "haskell-flake_2",
        "htmx": "htmx",
        "htmx-extensions": "htmx-extensions",
        "nixos-unified": "nixos-unified",
        "nixpkgs": "nixpkgs_2",
        "omnix": "omnix",
        "process-compose-flake": "process-compose-flake"
      }
    },
    "rust-flake": {
      "inputs": {
        "crane": "crane",
        "nixpkgs": [
          "omnix",
          "nixpkgs"
        ],
        "rust-overlay": "rust-overlay"
      },
      "locked": {
        "lastModified": 1736806612,
        "narHash": "sha256-WioA+Vk7suDK+Ek77rDlbuxV6WqwFt30JsKHrmDCSiU=",
        "owner": "juspay",
        "repo": "rust-flake",
        "rev": "b5f39885e2fcf137bfaf75decc077f9cca2bd984",
        "type": "github"
      },
      "original": {
        "owner": "juspay",
        "repo": "rust-flake",
        "type": "github"
      }
    },
    "rust-overlay": {
      "inputs": {
        "nixpkgs": [
          "omnix",
          "rust-flake",
          "nixpkgs"
        ]
      },
      "locked": {
        "lastModified": 1736700680,
        "narHash": "sha256-9gmWIb8xsycWHEYpd2SiVIAZnUULX6Y+IMMZBcDUCQU=",
        "owner": "oxalica",
        "repo": "rust-overlay",
        "rev": "5d1865c0da63b4c949f383d982b6b43519946e8f",
        "type": "github"
      },
      "original": {
        "owner": "oxalica",
        "repo": "rust-overlay",
        "type": "github"
      }
    },
    "systems": {
      "locked": {
        "lastModified": 1681028828,
        "narHash": "sha256-Vy1rq5AaRuLzOxct8nz4T6wlgyUR7zLU309k9mBC768=",
        "owner": "nix-systems",
        "repo": "default",
        "rev": "da67096a3b9bf56a91d16901293e51ba5b49a27e",
        "type": "github"
      },
      "original": {
        "owner": "nix-systems",
        "repo": "default",
        "type": "github"
      }
    },
    "treefmt-nix": {
      "inputs": {
        "nixpkgs": [
          "co-log-effectful",
          "nixpkgs"
        ]
      },
      "locked": {
        "lastModified": 1738070913,
        "narHash": "sha256-j6jC12vCFsTGDmY2u1H12lMr62fnclNjuCtAdF1a4Nk=",
        "owner": "numtide",
        "repo": "treefmt-nix",
        "rev": "bebf27d00f7d10ba75332a0541ac43676985dea3",
        "type": "github"
      },
      "original": {
        "owner": "numtide",
        "repo": "treefmt-nix",
        "type": "github"
      }
    },
    "true": {
      "locked": {
        "lastModified": 1657739253,
        "narHash": "sha256-L9eyTL7njtPBUYmZRYFKCzQFDgua9U9oE7UwCzjZfl8=",
        "owner": "boolean-option",
        "repo": "true",
        "rev": "6ecb49143ca31b140a5273f1575746ba93c3f698",
        "type": "github"
      },
      "original": {
        "owner": "boolean-option",
        "repo": "true",
        "type": "github"
      }
    }
  },
  "root": "root",
  "version": 7
}
